
Microsoft Visual Studio Solution File, Format Version 12.00
# Visual Studio Version 17
VisualStudioVersion = 17.14.36414.22 d17.14
MinimumVisualStudioVersion = 10.0.40219.1
Project("{8BC9CEB8-8B4A-11D0-8D11-00A0C91BC942}") = "Assets", "src\Assets\Assets.vcxproj", "{33FD381E-661D-3F5B-BF5D-CB73D03F207A}"
	ProjectSection(ProjectDependencies) = postProject
		{CC70827A-3128-3C42-8070-99CA22C7B17E} = {CC70827A-3128-3C42-8070-99CA22C7B17E}
	EndProjectSection
EndProject
Project("{8BC9CEB8-8B4A-11D0-8D11-00A0C91BC942}") = "Common", "src\Common\Common.vcxproj", "{F6096ACB-6D3B-3D58-9894-03DA73B08D4D}"
	ProjectSection(ProjectDependencies) = postProject
		{CC70827A-3128-3C42-8070-99CA22C7B17E} = {CC70827A-3128-3C42-8070-99CA22C7B17E}
	EndProjectSection
EndProject
Project("{8BC9CEB8-8B4A-11D0-8D11-00A0C91BC942}") = "Component", "src\Component\Component.vcxproj", "{176B762B-7229-3E8F-908D-7D94DDD4A2A1}"
	ProjectSection(ProjectDependencies) = postProject
		{CC70827A-3128-3C42-8070-99CA22C7B17E} = {CC70827A-3128-3C42-8070-99CA22C7B17E}
	EndProjectSection
EndProject
Project("{8BC9CEB8-8B4A-11D0-8D11-00A0C91BC942}") = "Entity", "src\Entity\Entity.vcxproj", "{79BEC70C-8D45-352C-85DA-88DCF221AAB3}"
	ProjectSection(ProjectDependencies) = postProject
		{CC70827A-3128-3C42-8070-99CA22C7B17E} = {CC70827A-3128-3C42-8070-99CA22C7B17E}
	EndProjectSection
EndProject
Project("{8BC9CEB8-8B4A-11D0-8D11-00A0C91BC942}") = "Game", "src\Game\Game.vcxproj", "{8C2A8B95-8A85-3704-9CCD-4DB45B714A69}"
	ProjectSection(ProjectDependencies) = postProject
		{CC70827A-3128-3C42-8070-99CA22C7B17E} = {CC70827A-3128-3C42-8070-99CA22C7B17E}
	EndProjectSection
EndProject
Project("{8BC9CEB8-8B4A-11D0-8D11-00A0C91BC942}") = "Math", "src\Math\Math.vcxproj", "{7D934321-E265-36DD-869D-EA09A9F0C007}"
	ProjectSection(ProjectDependencies) = postProject
		{CC70827A-3128-3C42-8070-99CA22C7B17E} = {CC70827A-3128-3C42-8070-99CA22C7B17E}
	EndProjectSection
EndProject
Project("{8BC9CEB8-8B4A-11D0-8D11-00A0C91BC942}") = "Meta", "src\Meta\Meta.vcxproj", "{C16EED9A-0831-35A2-990C-2F536BEEBFAB}"
	ProjectSection(ProjectDependencies) = postProject
		{CC70827A-3128-3C42-8070-99CA22C7B17E} = {CC70827A-3128-3C42-8070-99CA22C7B17E}
	EndProjectSection
EndProject
Project("{8BC9CEB8-8B4A-11D0-8D11-00A0C91BC942}") = "Network", "src\Network\Network.vcxproj", "{07B70B5D-B572-3A4D-9590-2FD05DDC384F}"
	ProjectSection(ProjectDependencies) = postProject
		{CC70827A-3128-3C42-8070-99CA22C7B17E} = {CC70827A-3128-3C42-8070-99CA22C7B17E}
	EndProjectSection
EndProject
Project("{8BC9CEB8-8B4A-11D0-8D11-00A0C91BC942}") = "Physics", "src\Physics\Physics.vcxproj", "{973C59EF-47B0-3283-9D56-7B0BD4233523}"
	ProjectSection(ProjectDependencies) = postProject
		{CC70827A-3128-3C42-8070-99CA22C7B17E} = {CC70827A-3128-3C42-8070-99CA22C7B17E}
	EndProjectSection
EndProject
Project("{8BC9CEB8-8B4A-11D0-8D11-00A0C91BC942}") = "Platform", "src\Platform\Platform.vcxproj", "{E6562D32-BCB1-3FA3-AB34-BDFC8EA1DB6A}"
	ProjectSection(ProjectDependencies) = postProject
		{CC70827A-3128-3C42-8070-99CA22C7B17E} = {CC70827A-3128-3C42-8070-99CA22C7B17E}
	EndProjectSection
EndProject
Project("{8BC9CEB8-8B4A-11D0-8D11-00A0C91BC942}") = "Primitive", "src\Primitive\Primitive.vcxproj", "{A864B738-02FA-35CE-AB1E-9E1C6E3507FC}"
	ProjectSection(ProjectDependencies) = postProject
		{CC70827A-3128-3C42-8070-99CA22C7B17E} = {CC70827A-3128-3C42-8070-99CA22C7B17E}
	EndProjectSection
EndProject
Project("{8BC9CEB8-8B4A-11D0-8D11-00A0C91BC942}") = "Render", "src\Render\Render.vcxproj", "{B13B5445-F9C0-37E9-BAD0-24FBD90086A6}"
	ProjectSection(ProjectDependencies) = postProject
		{CC70827A-3128-3C42-8070-99CA22C7B17E} = {CC70827A-3128-3C42-8070-99CA22C7B17E}
	EndProjectSection
EndProject
Project("{8BC9CEB8-8B4A-11D0-8D11-00A0C91BC942}") = "Sun", "Sun.vcxproj", "{931620BA-CE57-39D5-BD80-BCF49DA9CC66}"
	ProjectSection(ProjectDependencies) = postProject
		{33FD381E-661D-3F5B-BF5D-CB73D03F207A} = {33FD381E-661D-3F5B-BF5D-CB73D03F207A}
		{F6096ACB-6D3B-3D58-9894-03DA73B08D4D} = {F6096ACB-6D3B-3D58-9894-03DA73B08D4D}
		{176B762B-7229-3E8F-908D-7D94DDD4A2A1} = {176B762B-7229-3E8F-908D-7D94DDD4A2A1}
		{79BEC70C-8D45-352C-85DA-88DCF221AAB3} = {79BEC70C-8D45-352C-85DA-88DCF221AAB3}
		{8C2A8B95-8A85-3704-9CCD-4DB45B714A69} = {8C2A8B95-8A85-3704-9CCD-4DB45B714A69}
		{7D934321-E265-36DD-869D-EA09A9F0C007} = {7D934321-E265-36DD-869D-EA09A9F0C007}
		{C16EED9A-0831-35A2-990C-2F536BEEBFAB} = {C16EED9A-0831-35A2-990C-2F536BEEBFAB}
		{07B70B5D-B572-3A4D-9590-2FD05DDC384F} = {07B70B5D-B572-3A4D-9590-2FD05DDC384F}
		{973C59EF-47B0-3283-9D56-7B0BD4233523} = {973C59EF-47B0-3283-9D56-7B0BD4233523}
		{E6562D32-BCB1-3FA3-AB34-BDFC8EA1DB6A} = {E6562D32-BCB1-3FA3-AB34-BDFC8EA1DB6A}
		{A864B738-02FA-35CE-AB1E-9E1C6E3507FC} = {A864B738-02FA-35CE-AB1E-9E1C6E3507FC}
		{B13B5445-F9C0-37E9-BAD0-24FBD90086A6} = {B13B5445-F9C0-37E9-BAD0-24FBD90086A6}
		{8607BF79-9189-32F9-BF04-61789E959C63} = {8607BF79-9189-32F9-BF04-61789E959C63}
		{3F3AE845-D868-3CCE-BE9D-412BF0AF1B26} = {3F3AE845-D868-3CCE-BE9D-412BF0AF1B26}
		{CC70827A-3128-3C42-8070-99CA22C7B17E} = {CC70827A-3128-3C42-8070-99CA22C7B17E}
	EndProjectSection
EndProject
Project("{8BC9CEB8-8B4A-11D0-8D11-00A0C91BC942}") = "System", "src\System\System.vcxproj", "{8607BF79-9189-32F9-BF04-61789E959C63}"
	ProjectSection(ProjectDependencies) = postProject
		{CC70827A-3128-3C42-8070-99CA22C7B17E} = {CC70827A-3128-3C42-8070-99CA22C7B17E}
	EndProjectSection
EndProject
Project("{8BC9CEB8-8B4A-11D0-8D11-00A0C91BC942}") = "Util", "src\Util\Util.vcxproj", "{3F3AE845-D868-3CCE-BE9D-412BF0AF1B26}"
	ProjectSection(ProjectDependencies) = postProject
		{CC70827A-3128-3C42-8070-99CA22C7B17E} = {CC70827A-3128-3C42-8070-99CA22C7B17E}
	EndProjectSection
EndProject
Project("{8BC9CEB8-8B4A-11D0-8D11-00A0C91BC942}") = "ZERO_CHECK", "ZERO_CHECK.vcxproj", "{CC70827A-3128-3C42-8070-99CA22C7B17E}"
EndProject
Project("{8BC9CEB8-8B4A-11D0-8D11-00A0C91BC942}") = "BuildIn", "src\BuildIn\BuildIn.vcxproj", "{9F823E34-537F-4522-8BC3-B9858F625E9C}"
EndProject
Project("{8BC9CEB8-8B4A-11D0-8D11-00A0C91BC942}") = "Quick2", "..\Quick2\Quick2.vcxproj", "{2E5EE316-E503-4ACF-B201-4616E9129C6F}"
EndProject
Project("{8BC9CEB8-8B4A-11D0-8D11-00A0C91BC942}") = "Test", "..\Test\Test.vcxproj", "{05517EB3-6565-4930-AFDB-8DBA9FDCA7D0}"
EndProject
Project("{8BC9CEB8-8B4A-11D0-8D11-00A0C91BC942}") = "Audio", "src\Audio\Audio.vcxproj", "{BBF629D3-C266-4470-AF52-7407D783F312}"
EndProject
Project("{8BC9CEB8-8B4A-11D0-8D11-00A0C91BC942}") = "Script", "src\Script\Script.vcxproj", "{7178BB85-C717-49AA-8CDD-DD307EE4EF58}"
EndProject
Project("{8BC9CEB8-8B4A-11D0-8D11-00A0C91BC942}") = "ShaderDll", "src\ShaderDll\ShaderDll.vcxproj", "{CB1E94BB-3E36-4130-821F-610176DD1D10}"
EndProject
Global
	GlobalSection(SolutionConfigurationPlatforms) = preSolution
		Debug|x64 = Debug|x64
		Debug|x86 = Debug|x86
		MinSizeRel|x64 = MinSizeRel|x64
		MinSizeRel|x86 = MinSizeRel|x86
		Release|x64 = Release|x64
		Release|x86 = Release|x86
		RelWithDebInfo|x64 = RelWithDebInfo|x64
		RelWithDebInfo|x86 = RelWithDebInfo|x86
	EndGlobalSection
	GlobalSection(ProjectConfigurationPlatforms) = postSolution
		{33FD381E-661D-3F5B-BF5D-CB73D03F207A}.Debug|x64.ActiveCfg = Debug|x64
		{33FD381E-661D-3F5B-BF5D-CB73D03F207A}.Debug|x64.Build.0 = Debug|x64
		{33FD381E-661D-3F5B-BF5D-CB73D03F207A}.Debug|x86.ActiveCfg = Debug|x64
		{33FD381E-661D-3F5B-BF5D-CB73D03F207A}.MinSizeRel|x64.ActiveCfg = MinSizeRel|x64
		{33FD381E-661D-3F5B-BF5D-CB73D03F207A}.MinSizeRel|x64.Build.0 = MinSizeRel|x64
		{33FD381E-661D-3F5B-BF5D-CB73D03F207A}.MinSizeRel|x86.ActiveCfg = MinSizeRel|x64
		{33FD381E-661D-3F5B-BF5D-CB73D03F207A}.Release|x64.ActiveCfg = Release|x64
		{33FD381E-661D-3F5B-BF5D-CB73D03F207A}.Release|x64.Build.0 = Release|x64
		{33FD381E-661D-3F5B-BF5D-CB73D03F207A}.Release|x86.ActiveCfg = Release|x64
		{33FD381E-661D-3F5B-BF5D-CB73D03F207A}.RelWithDebInfo|x64.ActiveCfg = RelWithDebInfo|x64
		{33FD381E-661D-3F5B-BF5D-CB73D03F207A}.RelWithDebInfo|x64.Build.0 = RelWithDebInfo|x64
		{33FD381E-661D-3F5B-BF5D-CB73D03F207A}.RelWithDebInfo|x86.ActiveCfg = RelWithDebInfo|x64
		{F6096ACB-6D3B-3D58-9894-03DA73B08D4D}.Debug|x64.ActiveCfg = Debug|x64
		{F6096ACB-6D3B-3D58-9894-03DA73B08D4D}.Debug|x64.Build.0 = Debug|x64
		{F6096ACB-6D3B-3D58-9894-03DA73B08D4D}.Debug|x86.ActiveCfg = Debug|x64
		{F6096ACB-6D3B-3D58-9894-03DA73B08D4D}.MinSizeRel|x64.ActiveCfg = MinSizeRel|x64
		{F6096ACB-6D3B-3D58-9894-03DA73B08D4D}.MinSizeRel|x64.Build.0 = MinSizeRel|x64
		{F6096ACB-6D3B-3D58-9894-03DA73B08D4D}.MinSizeRel|x86.ActiveCfg = MinSizeRel|x64
		{F6096ACB-6D3B-3D58-9894-03DA73B08D4D}.Release|x64.ActiveCfg = Release|x64
		{F6096ACB-6D3B-3D58-9894-03DA73B08D4D}.Release|x64.Build.0 = Release|x64
		{F6096ACB-6D3B-3D58-9894-03DA73B08D4D}.Release|x86.ActiveCfg = Release|x64
		{F6096ACB-6D3B-3D58-9894-03DA73B08D4D}.RelWithDebInfo|x64.ActiveCfg = RelWithDebInfo|x64
		{F6096ACB-6D3B-3D58-9894-03DA73B08D4D}.RelWithDebInfo|x64.Build.0 = RelWithDebInfo|x64
		{F6096ACB-6D3B-3D58-9894-03DA73B08D4D}.RelWithDebInfo|x86.ActiveCfg = RelWithDebInfo|x64
		{176B762B-7229-3E8F-908D-7D94DDD4A2A1}.Debug|x64.ActiveCfg = Debug|x64
		{176B762B-7229-3E8F-908D-7D94DDD4A2A1}.Debug|x64.Build.0 = Debug|x64
		{176B762B-7229-3E8F-908D-7D94DDD4A2A1}.Debug|x86.ActiveCfg = Debug|x64
		{176B762B-7229-3E8F-908D-7D94DDD4A2A1}.MinSizeRel|x64.ActiveCfg = MinSizeRel|x64
		{176B762B-7229-3E8F-908D-7D94DDD4A2A1}.MinSizeRel|x64.Build.0 = MinSizeRel|x64
		{176B762B-7229-3E8F-908D-7D94DDD4A2A1}.MinSizeRel|x86.ActiveCfg = MinSizeRel|x64
		{176B762B-7229-3E8F-908D-7D94DDD4A2A1}.Release|x64.ActiveCfg = Release|x64
		{176B762B-7229-3E8F-908D-7D94DDD4A2A1}.Release|x64.Build.0 = Release|x64
		{176B762B-7229-3E8F-908D-7D94DDD4A2A1}.Release|x86.ActiveCfg = Release|x64
		{176B762B-7229-3E8F-908D-7D94DDD4A2A1}.RelWithDebInfo|x64.ActiveCfg = RelWithDebInfo|x64
		{176B762B-7229-3E8F-908D-7D94DDD4A2A1}.RelWithDebInfo|x64.Build.0 = RelWithDebInfo|x64
		{176B762B-7229-3E8F-908D-7D94DDD4A2A1}.RelWithDebInfo|x86.ActiveCfg = RelWithDebInfo|x64
		{79BEC70C-8D45-352C-85DA-88DCF221AAB3}.Debug|x64.ActiveCfg = Debug|x64
		{79BEC70C-8D45-352C-85DA-88DCF221AAB3}.Debug|x64.Build.0 = Debug|x64
		{79BEC70C-8D45-352C-85DA-88DCF221AAB3}.Debug|x86.ActiveCfg = Debug|x64
		{79BEC70C-8D45-352C-85DA-88DCF221AAB3}.MinSizeRel|x64.ActiveCfg = MinSizeRel|x64
		{79BEC70C-8D45-352C-85DA-88DCF221AAB3}.MinSizeRel|x64.Build.0 = MinSizeRel|x64
		{79BEC70C-8D45-352C-85DA-88DCF221AAB3}.MinSizeRel|x86.ActiveCfg = MinSizeRel|x64
		{79BEC70C-8D45-352C-85DA-88DCF221AAB3}.Release|x64.ActiveCfg = Release|x64
		{79BEC70C-8D45-352C-85DA-88DCF221AAB3}.Release|x64.Build.0 = Release|x64
		{79BEC70C-8D45-352C-85DA-88DCF221AAB3}.Release|x86.ActiveCfg = Release|x64
		{79BEC70C-8D45-352C-85DA-88DCF221AAB3}.RelWithDebInfo|x64.ActiveCfg = RelWithDebInfo|x64
		{79BEC70C-8D45-352C-85DA-88DCF221AAB3}.RelWithDebInfo|x64.Build.0 = RelWithDebInfo|x64
		{79BEC70C-8D45-352C-85DA-88DCF221AAB3}.RelWithDebInfo|x86.ActiveCfg = RelWithDebInfo|x64
		{8C2A8B95-8A85-3704-9CCD-4DB45B714A69}.Debug|x64.ActiveCfg = Debug|x64
		{8C2A8B95-8A85-3704-9CCD-4DB45B714A69}.Debug|x64.Build.0 = Debug|x64
		{8C2A8B95-8A85-3704-9CCD-4DB45B714A69}.Debug|x86.ActiveCfg = Debug|x64
		{8C2A8B95-8A85-3704-9CCD-4DB45B714A69}.MinSizeRel|x64.ActiveCfg = MinSizeRel|x64
		{8C2A8B95-8A85-3704-9CCD-4DB45B714A69}.MinSizeRel|x64.Build.0 = MinSizeRel|x64
		{8C2A8B95-8A85-3704-9CCD-4DB45B714A69}.MinSizeRel|x86.ActiveCfg = MinSizeRel|x64
		{8C2A8B95-8A85-3704-9CCD-4DB45B714A69}.Release|x64.ActiveCfg = Release|x64
		{8C2A8B95-8A85-3704-9CCD-4DB45B714A69}.Release|x64.Build.0 = Release|x64
		{8C2A8B95-8A85-3704-9CCD-4DB45B714A69}.Release|x86.ActiveCfg = Release|x64
		{8C2A8B95-8A85-3704-9CCD-4DB45B714A69}.RelWithDebInfo|x64.ActiveCfg = RelWithDebInfo|x64
		{8C2A8B95-8A85-3704-9CCD-4DB45B714A69}.RelWithDebInfo|x64.Build.0 = RelWithDebInfo|x64
		{8C2A8B95-8A85-3704-9CCD-4DB45B714A69}.RelWithDebInfo|x86.ActiveCfg = RelWithDebInfo|x64
		{7D934321-E265-36DD-869D-EA09A9F0C007}.Debug|x64.ActiveCfg = Debug|x64
		{7D934321-E265-36DD-869D-EA09A9F0C007}.Debug|x64.Build.0 = Debug|x64
		{7D934321-E265-36DD-869D-EA09A9F0C007}.Debug|x86.ActiveCfg = Debug|x64
		{7D934321-E265-36DD-869D-EA09A9F0C007}.MinSizeRel|x64.ActiveCfg = MinSizeRel|x64
		{7D934321-E265-36DD-869D-EA09A9F0C007}.MinSizeRel|x64.Build.0 = MinSizeRel|x64
		{7D934321-E265-36DD-869D-EA09A9F0C007}.MinSizeRel|x86.ActiveCfg = MinSizeRel|x64
		{7D934321-E265-36DD-869D-EA09A9F0C007}.Release|x64.ActiveCfg = Release|x64
		{7D934321-E265-36DD-869D-EA09A9F0C007}.Release|x64.Build.0 = Release|x64
		{7D934321-E265-36DD-869D-EA09A9F0C007}.Release|x86.ActiveCfg = Release|x64
		{7D934321-E265-36DD-869D-EA09A9F0C007}.RelWithDebInfo|x64.ActiveCfg = RelWithDebInfo|x64
		{7D934321-E265-36DD-869D-EA09A9F0C007}.RelWithDebInfo|x64.Build.0 = RelWithDebInfo|x64
		{7D934321-E265-36DD-869D-EA09A9F0C007}.RelWithDebInfo|x86.ActiveCfg = RelWithDebInfo|x64
		{C16EED9A-0831-35A2-990C-2F536BEEBFAB}.Debug|x64.ActiveCfg = Debug|x64
		{C16EED9A-0831-35A2-990C-2F536BEEBFAB}.Debug|x64.Build.0 = Debug|x64
		{C16EED9A-0831-35A2-990C-2F536BEEBFAB}.Debug|x86.ActiveCfg = Debug|x64
		{C16EED9A-0831-35A2-990C-2F536BEEBFAB}.MinSizeRel|x64.ActiveCfg = MinSizeRel|x64
		{C16EED9A-0831-35A2-990C-2F536BEEBFAB}.MinSizeRel|x64.Build.0 = MinSizeRel|x64
		{C16EED9A-0831-35A2-990C-2F536BEEBFAB}.MinSizeRel|x86.ActiveCfg = MinSizeRel|x64
		{C16EED9A-0831-35A2-990C-2F536BEEBFAB}.Release|x64.ActiveCfg = Release|x64
		{C16EED9A-0831-35A2-990C-2F536BEEBFAB}.Release|x64.Build.0 = Release|x64
		{C16EED9A-0831-35A2-990C-2F536BEEBFAB}.Release|x86.ActiveCfg = Release|x64
		{C16EED9A-0831-35A2-990C-2F536BEEBFAB}.RelWithDebInfo|x64.ActiveCfg = RelWithDebInfo|x64
		{C16EED9A-0831-35A2-990C-2F536BEEBFAB}.RelWithDebInfo|x64.Build.0 = RelWithDebInfo|x64
		{C16EED9A-0831-35A2-990C-2F536BEEBFAB}.RelWithDebInfo|x86.ActiveCfg = RelWithDebInfo|x64
		{07B70B5D-B572-3A4D-9590-2FD05DDC384F}.Debug|x64.ActiveCfg = Debug|x64
		{07B70B5D-B572-3A4D-9590-2FD05DDC384F}.Debug|x64.Build.0 = Debug|x64
		{07B70B5D-B572-3A4D-9590-2FD05DDC384F}.Debug|x86.ActiveCfg = Debug|x64
		{07B70B5D-B572-3A4D-9590-2FD05DDC384F}.MinSizeRel|x64.ActiveCfg = MinSizeRel|x64
		{07B70B5D-B572-3A4D-9590-2FD05DDC384F}.MinSizeRel|x64.Build.0 = MinSizeRel|x64
		{07B70B5D-B572-3A4D-9590-2FD05DDC384F}.MinSizeRel|x86.ActiveCfg = MinSizeRel|x64
		{07B70B5D-B572-3A4D-9590-2FD05DDC384F}.Release|x64.ActiveCfg = Release|x64
		{07B70B5D-B572-3A4D-9590-2FD05DDC384F}.Release|x64.Build.0 = Release|x64
		{07B70B5D-B572-3A4D-9590-2FD05DDC384F}.Release|x86.ActiveCfg = Release|x64
		{07B70B5D-B572-3A4D-9590-2FD05DDC384F}.RelWithDebInfo|x64.ActiveCfg = RelWithDebInfo|x64
		{07B70B5D-B572-3A4D-9590-2FD05DDC384F}.RelWithDebInfo|x64.Build.0 = RelWithDebInfo|x64
		{07B70B5D-B572-3A4D-9590-2FD05DDC384F}.RelWithDebInfo|x86.ActiveCfg = RelWithDebInfo|x64
		{973C59EF-47B0-3283-9D56-7B0BD4233523}.Debug|x64.ActiveCfg = Debug|x64
		{973C59EF-47B0-3283-9D56-7B0BD4233523}.Debug|x64.Build.0 = Debug|x64
		{973C59EF-47B0-3283-9D56-7B0BD4233523}.Debug|x86.ActiveCfg = Debug|x64
		{973C59EF-47B0-3283-9D56-7B0BD4233523}.MinSizeRel|x64.ActiveCfg = MinSizeRel|x64
		{973C59EF-47B0-3283-9D56-7B0BD4233523}.MinSizeRel|x64.Build.0 = MinSizeRel|x64
		{973C59EF-47B0-3283-9D56-7B0BD4233523}.MinSizeRel|x86.ActiveCfg = MinSizeRel|x64
		{973C59EF-47B0-3283-9D56-7B0BD4233523}.Release|x64.ActiveCfg = Release|x64
		{973C59EF-47B0-3283-9D56-7B0BD4233523}.Release|x64.Build.0 = Release|x64
		{973C59EF-47B0-3283-9D56-7B0BD4233523}.Release|x86.ActiveCfg = Release|x64
		{973C59EF-47B0-3283-9D56-7B0BD4233523}.RelWithDebInfo|x64.ActiveCfg = RelWithDebInfo|x64
		{973C59EF-47B0-3283-9D56-7B0BD4233523}.RelWithDebInfo|x64.Build.0 = RelWithDebInfo|x64
		{973C59EF-47B0-3283-9D56-7B0BD4233523}.RelWithDebInfo|x86.ActiveCfg = RelWithDebInfo|x64
		{E6562D32-BCB1-3FA3-AB34-BDFC8EA1DB6A}.Debug|x64.ActiveCfg = Debug|x64
		{E6562D32-BCB1-3FA3-AB34-BDFC8EA1DB6A}.Debug|x64.Build.0 = Debug|x64
		{E6562D32-BCB1-3FA3-AB34-BDFC8EA1DB6A}.Debug|x86.ActiveCfg = Debug|x64
		{E6562D32-BCB1-3FA3-AB34-BDFC8EA1DB6A}.MinSizeRel|x64.ActiveCfg = MinSizeRel|x64
		{E6562D32-BCB1-3FA3-AB34-BDFC8EA1DB6A}.MinSizeRel|x64.Build.0 = MinSizeRel|x64
		{E6562D32-BCB1-3FA3-AB34-BDFC8EA1DB6A}.MinSizeRel|x86.ActiveCfg = MinSizeRel|x64
		{E6562D32-BCB1-3FA3-AB34-BDFC8EA1DB6A}.Release|x64.ActiveCfg = Release|x64
		{E6562D32-BCB1-3FA3-AB34-BDFC8EA1DB6A}.Release|x64.Build.0 = Release|x64
		{E6562D32-BCB1-3FA3-AB34-BDFC8EA1DB6A}.Release|x86.ActiveCfg = Release|x64
		{E6562D32-BCB1-3FA3-AB34-BDFC8EA1DB6A}.RelWithDebInfo|x64.ActiveCfg = RelWithDebInfo|x64
		{E6562D32-BCB1-3FA3-AB34-BDFC8EA1DB6A}.RelWithDebInfo|x64.Build.0 = RelWithDebInfo|x64
		{E6562D32-BCB1-3FA3-AB34-BDFC8EA1DB6A}.RelWithDebInfo|x86.ActiveCfg = RelWithDebInfo|x64
		{A864B738-02FA-35CE-AB1E-9E1C6E3507FC}.Debug|x64.ActiveCfg = Debug|x64
		{A864B738-02FA-35CE-AB1E-9E1C6E3507FC}.Debug|x64.Build.0 = Debug|x64
		{A864B738-02FA-35CE-AB1E-9E1C6E3507FC}.Debug|x86.ActiveCfg = Debug|x64
		{A864B738-02FA-35CE-AB1E-9E1C6E3507FC}.MinSizeRel|x64.ActiveCfg = MinSizeRel|x64
		{A864B738-02FA-35CE-AB1E-9E1C6E3507FC}.MinSizeRel|x64.Build.0 = MinSizeRel|x64
		{A864B738-02FA-35CE-AB1E-9E1C6E3507FC}.MinSizeRel|x86.ActiveCfg = MinSizeRel|x64
		{A864B738-02FA-35CE-AB1E-9E1C6E3507FC}.Release|x64.ActiveCfg = Release|x64
		{A864B738-02FA-35CE-AB1E-9E1C6E3507FC}.Release|x64.Build.0 = Release|x64
		{A864B738-02FA-35CE-AB1E-9E1C6E3507FC}.Release|x86.ActiveCfg = Release|x64
		{A864B738-02FA-35CE-AB1E-9E1C6E3507FC}.RelWithDebInfo|x64.ActiveCfg = RelWithDebInfo|x64
		{A864B738-02FA-35CE-AB1E-9E1C6E3507FC}.RelWithDebInfo|x64.Build.0 = RelWithDebInfo|x64
		{A864B738-02FA-35CE-AB1E-9E1C6E3507FC}.RelWithDebInfo|x86.ActiveCfg = RelWithDebInfo|x64
		{B13B5445-F9C0-37E9-BAD0-24FBD90086A6}.Debug|x64.ActiveCfg = Debug|x64
		{B13B5445-F9C0-37E9-BAD0-24FBD90086A6}.Debug|x64.Build.0 = Debug|x64
		{B13B5445-F9C0-37E9-BAD0-24FBD90086A6}.Debug|x86.ActiveCfg = Debug|x64
		{B13B5445-F9C0-37E9-BAD0-24FBD90086A6}.MinSizeRel|x64.ActiveCfg = MinSizeRel|x64
		{B13B5445-F9C0-37E9-BAD0-24FBD90086A6}.MinSizeRel|x64.Build.0 = MinSizeRel|x64
		{B13B5445-F9C0-37E9-BAD0-24FBD90086A6}.MinSizeRel|x86.ActiveCfg = MinSizeRel|x64
		{B13B5445-F9C0-37E9-BAD0-24FBD90086A6}.Release|x64.ActiveCfg = Release|x64
		{B13B5445-F9C0-37E9-BAD0-24FBD90086A6}.Release|x64.Build.0 = Release|x64
		{B13B5445-F9C0-37E9-BAD0-24FBD90086A6}.Release|x86.ActiveCfg = Release|x64
		{B13B5445-F9C0-37E9-BAD0-24FBD90086A6}.RelWithDebInfo|x64.ActiveCfg = RelWithDebInfo|x64
		{B13B5445-F9C0-37E9-BAD0-24FBD90086A6}.RelWithDebInfo|x64.Build.0 = RelWithDebInfo|x64
		{B13B5445-F9C0-37E9-BAD0-24FBD90086A6}.RelWithDebInfo|x86.ActiveCfg = RelWithDebInfo|x64
		{931620BA-CE57-39D5-BD80-BCF49DA9CC66}.Debug|x64.ActiveCfg = Debug|x64
		{931620BA-CE57-39D5-BD80-BCF49DA9CC66}.Debug|x64.Build.0 = Debug|x64
		{931620BA-CE57-39D5-BD80-BCF49DA9CC66}.Debug|x86.ActiveCfg = Debug|x64
		{931620BA-CE57-39D5-BD80-BCF49DA9CC66}.MinSizeRel|x64.ActiveCfg = MinSizeRel|x64
		{931620BA-CE57-39D5-BD80-BCF49DA9CC66}.MinSizeRel|x64.Build.0 = MinSizeRel|x64
		{931620BA-CE57-39D5-BD80-BCF49DA9CC66}.MinSizeRel|x86.ActiveCfg = MinSizeRel|x64
		{931620BA-CE57-39D5-BD80-BCF49DA9CC66}.Release|x64.ActiveCfg = Release|x64
		{931620BA-CE57-39D5-BD80-BCF49DA9CC66}.Release|x64.Build.0 = Release|x64
		{931620BA-CE57-39D5-BD80-BCF49DA9CC66}.Release|x86.ActiveCfg = Release|x64
		{931620BA-CE57-39D5-BD80-BCF49DA9CC66}.RelWithDebInfo|x64.ActiveCfg = RelWithDebInfo|x64
		{931620BA-CE57-39D5-BD80-BCF49DA9CC66}.RelWithDebInfo|x64.Build.0 = RelWithDebInfo|x64
		{931620BA-CE57-39D5-BD80-BCF49DA9CC66}.RelWithDebInfo|x86.ActiveCfg = RelWithDebInfo|x64
		{8607BF79-9189-32F9-BF04-61789E959C63}.Debug|x64.ActiveCfg = Debug|x64
		{8607BF79-9189-32F9-BF04-61789E959C63}.Debug|x64.Build.0 = Debug|x64
		{8607BF79-9189-32F9-BF04-61789E959C63}.Debug|x86.ActiveCfg = Debug|x64
		{8607BF79-9189-32F9-BF04-61789E959C63}.MinSizeRel|x64.ActiveCfg = MinSizeRel|x64
		{8607BF79-9189-32F9-BF04-61789E959C63}.MinSizeRel|x64.Build.0 = MinSizeRel|x64
		{8607BF79-9189-32F9-BF04-61789E959C63}.MinSizeRel|x86.ActiveCfg = MinSizeRel|x64
		{8607BF79-9189-32F9-BF04-61789E959C63}.Release|x64.ActiveCfg = Release|x64
		{8607BF79-9189-32F9-BF04-61789E959C63}.Release|x64.Build.0 = Release|x64
		{8607BF79-9189-32F9-BF04-61789E959C63}.Release|x86.ActiveCfg = Release|x64
		{8607BF79-9189-32F9-BF04-61789E959C63}.RelWithDebInfo|x64.ActiveCfg = RelWithDebInfo|x64
		{8607BF79-9189-32F9-BF04-61789E959C63}.RelWithDebInfo|x64.Build.0 = RelWithDebInfo|x64
		{8607BF79-9189-32F9-BF04-61789E959C63}.RelWithDebInfo|x86.ActiveCfg = RelWithDebInfo|x64
		{3F3AE845-D868-3CCE-BE9D-412BF0AF1B26}.Debug|x64.ActiveCfg = Debug|x64
		{3F3AE845-D868-3CCE-BE9D-412BF0AF1B26}.Debug|x64.Build.0 = Debug|x64
		{3F3AE845-D868-3CCE-BE9D-412BF0AF1B26}.Debug|x86.ActiveCfg = Debug|x64
		{3F3AE845-D868-3CCE-BE9D-412BF0AF1B26}.MinSizeRel|x64.ActiveCfg = MinSizeRel|x64
		{3F3AE845-D868-3CCE-BE9D-412BF0AF1B26}.MinSizeRel|x64.Build.0 = MinSizeRel|x64
		{3F3AE845-D868-3CCE-BE9D-412BF0AF1B26}.MinSizeRel|x86.ActiveCfg = MinSizeRel|x64
		{3F3AE845-D868-3CCE-BE9D-412BF0AF1B26}.Release|x64.ActiveCfg = Release|x64
		{3F3AE845-D868-3CCE-BE9D-412BF0AF1B26}.Release|x64.Build.0 = Release|x64
		{3F3AE845-D868-3CCE-BE9D-412BF0AF1B26}.Release|x86.ActiveCfg = Release|x64
		{3F3AE845-D868-3CCE-BE9D-412BF0AF1B26}.RelWithDebInfo|x64.ActiveCfg = RelWithDebInfo|x64
		{3F3AE845-D868-3CCE-BE9D-412BF0AF1B26}.RelWithDebInfo|x64.Build.0 = RelWithDebInfo|x64
		{3F3AE845-D868-3CCE-BE9D-412BF0AF1B26}.RelWithDebInfo|x86.ActiveCfg = RelWithDebInfo|x64
		{CC70827A-3128-3C42-8070-99CA22C7B17E}.Debug|x64.ActiveCfg = Debug|x64
		{CC70827A-3128-3C42-8070-99CA22C7B17E}.Debug|x64.Build.0 = Debug|x64
		{CC70827A-3128-3C42-8070-99CA22C7B17E}.Debug|x86.ActiveCfg = Debug|x64
		{CC70827A-3128-3C42-8070-99CA22C7B17E}.MinSizeRel|x64.ActiveCfg = MinSizeRel|x64
		{CC70827A-3128-3C42-8070-99CA22C7B17E}.MinSizeRel|x64.Build.0 = MinSizeRel|x64
		{CC70827A-3128-3C42-8070-99CA22C7B17E}.MinSizeRel|x86.ActiveCfg = MinSizeRel|x64
		{CC70827A-3128-3C42-8070-99CA22C7B17E}.Release|x64.ActiveCfg = Release|x64
		{CC70827A-3128-3C42-8070-99CA22C7B17E}.Release|x64.Build.0 = Release|x64
		{CC70827A-3128-3C42-8070-99CA22C7B17E}.Release|x86.ActiveCfg = Release|x64
		{CC70827A-3128-3C42-8070-99CA22C7B17E}.RelWithDebInfo|x64.ActiveCfg = RelWithDebInfo|x64
		{CC70827A-3128-3C42-8070-99CA22C7B17E}.RelWithDebInfo|x64.Build.0 = RelWithDebInfo|x64
		{CC70827A-3128-3C42-8070-99CA22C7B17E}.RelWithDebInfo|x86.ActiveCfg = RelWithDebInfo|x64
		{9F823E34-537F-4522-8BC3-B9858F625E9C}.Debug|x64.ActiveCfg = Debug|x64
		{9F823E34-537F-4522-8BC3-B9858F625E9C}.Debug|x64.Build.0 = Debug|x64
		{9F823E34-537F-4522-8BC3-B9858F625E9C}.Debug|x86.ActiveCfg = Debug|Win32
		{9F823E34-537F-4522-8BC3-B9858F625E9C}.Debug|x86.Build.0 = Debug|Win32
		{9F823E34-537F-4522-8BC3-B9858F625E9C}.MinSizeRel|x64.ActiveCfg = Debug|x64
		{9F823E34-537F-4522-8BC3-B9858F625E9C}.MinSizeRel|x64.Build.0 = Debug|x64
		{9F823E34-537F-4522-8BC3-B9858F625E9C}.MinSizeRel|x86.ActiveCfg = Debug|Win32
		{9F823E34-537F-4522-8BC3-B9858F625E9C}.MinSizeRel|x86.Build.0 = Debug|Win32
		{9F823E34-537F-4522-8BC3-B9858F625E9C}.Release|x64.ActiveCfg = Release|x64
		{9F823E34-537F-4522-8BC3-B9858F625E9C}.Release|x64.Build.0 = Release|x64
		{9F823E34-537F-4522-8BC3-B9858F625E9C}.Release|x86.ActiveCfg = Release|Win32
		{9F823E34-537F-4522-8BC3-B9858F625E9C}.Release|x86.Build.0 = Release|Win32
		{9F823E34-537F-4522-8BC3-B9858F625E9C}.RelWithDebInfo|x64.ActiveCfg = Release|x64
		{9F823E34-537F-4522-8BC3-B9858F625E9C}.RelWithDebInfo|x64.Build.0 = Release|x64
		{9F823E34-537F-4522-8BC3-B9858F625E9C}.RelWithDebInfo|x86.ActiveCfg = Release|Win32
		{9F823E34-537F-4522-8BC3-B9858F625E9C}.RelWithDebInfo|x86.Build.0 = Release|Win32
		{2E5EE316-E503-4ACF-B201-4616E9129C6F}.Debug|x64.ActiveCfg = Debug|x64
		{2E5EE316-E503-4ACF-B201-4616E9129C6F}.Debug|x64.Build.0 = Debug|x64
		{2E5EE316-E503-4ACF-B201-4616E9129C6F}.Debug|x86.ActiveCfg = Debug|x64
		{2E5EE316-E503-4ACF-B201-4616E9129C6F}.MinSizeRel|x64.ActiveCfg = Debug|x64
		{2E5EE316-E503-4ACF-B201-4616E9129C6F}.MinSizeRel|x64.Build.0 = Debug|x64
		{2E5EE316-E503-4ACF-B201-4616E9129C6F}.MinSizeRel|x86.ActiveCfg = Debug|x64
		{2E5EE316-E503-4ACF-B201-4616E9129C6F}.MinSizeRel|x86.Build.0 = Debug|x64
		{2E5EE316-E503-4ACF-B201-4616E9129C6F}.Release|x64.ActiveCfg = Release|x64
		{2E5EE316-E503-4ACF-B201-4616E9129C6F}.Release|x64.Build.0 = Release|x64
		{2E5EE316-E503-4ACF-B201-4616E9129C6F}.Release|x86.ActiveCfg = Release|x64
		{2E5EE316-E503-4ACF-B201-4616E9129C6F}.RelWithDebInfo|x64.ActiveCfg = Release|x64
		{2E5EE316-E503-4ACF-B201-4616E9129C6F}.RelWithDebInfo|x64.Build.0 = Release|x64
		{2E5EE316-E503-4ACF-B201-4616E9129C6F}.RelWithDebInfo|x86.ActiveCfg = Debug|x64
		{2E5EE316-E503-4ACF-B201-4616E9129C6F}.RelWithDebInfo|x86.Build.0 = Debug|x64
		{05517EB3-6565-4930-AFDB-8DBA9FDCA7D0}.Debug|x64.ActiveCfg = Debug|x64
		{05517EB3-6565-4930-AFDB-8DBA9FDCA7D0}.Debug|x64.Build.0 = Debug|x64
		{05517EB3-6565-4930-AFDB-8DBA9FDCA7D0}.Debug|x86.ActiveCfg = Debug|Win32
		{05517EB3-6565-4930-AFDB-8DBA9FDCA7D0}.Debug|x86.Build.0 = Debug|Win32
		{05517EB3-6565-4930-AFDB-8DBA9FDCA7D0}.MinSizeRel|x64.ActiveCfg = Debug|x64
		{05517EB3-6565-4930-AFDB-8DBA9FDCA7D0}.MinSizeRel|x64.Build.0 = Debug|x64
		{05517EB3-6565-4930-AFDB-8DBA9FDCA7D0}.MinSizeRel|x86.ActiveCfg = Debug|Win32
		{05517EB3-6565-4930-AFDB-8DBA9FDCA7D0}.MinSizeRel|x86.Build.0 = Debug|Win32
		{05517EB3-6565-4930-AFDB-8DBA9FDCA7D0}.Release|x64.ActiveCfg = Release|x64
		{05517EB3-6565-4930-AFDB-8DBA9FDCA7D0}.Release|x64.Build.0 = Release|x64
		{05517EB3-6565-4930-AFDB-8DBA9FDCA7D0}.Release|x86.ActiveCfg = Release|Win32
		{05517EB3-6565-4930-AFDB-8DBA9FDCA7D0}.Release|x86.Build.0 = Release|Win32
		{05517EB3-6565-4930-AFDB-8DBA9FDCA7D0}.RelWithDebInfo|x64.ActiveCfg = Release|x64
		{05517EB3-6565-4930-AFDB-8DBA9FDCA7D0}.RelWithDebInfo|x64.Build.0 = Release|x64
		{05517EB3-6565-4930-AFDB-8DBA9FDCA7D0}.RelWithDebInfo|x86.ActiveCfg = Release|Win32
		{05517EB3-6565-4930-AFDB-8DBA9FDCA7D0}.RelWithDebInfo|x86.Build.0 = Release|Win32
		{BBF629D3-C266-4470-AF52-7407D783F312}.Debug|x64.ActiveCfg = Debug|x64
		{BBF629D3-C266-4470-AF52-7407D783F312}.Debug|x64.Build.0 = Debug|x64
		{BBF629D3-C266-4470-AF52-7407D783F312}.Debug|x86.ActiveCfg = Debug|Win32
		{BBF629D3-C266-4470-AF52-7407D783F312}.Debug|x86.Build.0 = Debug|Win32
		{BBF629D3-C266-4470-AF52-7407D783F312}.MinSizeRel|x64.ActiveCfg = Debug|x64
		{BBF629D3-C266-4470-AF52-7407D783F312}.MinSizeRel|x64.Build.0 = Debug|x64
		{BBF629D3-C266-4470-AF52-7407D783F312}.MinSizeRel|x86.ActiveCfg = Debug|Win32
		{BBF629D3-C266-4470-AF52-7407D783F312}.MinSizeRel|x86.Build.0 = Debug|Win32
		{BBF629D3-C266-4470-AF52-7407D783F312}.Release|x64.ActiveCfg = Release|x64
		{BBF629D3-C266-4470-AF52-7407D783F312}.Release|x64.Build.0 = Release|x64
		{BBF629D3-C266-4470-AF52-7407D783F312}.Release|x86.ActiveCfg = Release|Win32
		{BBF629D3-C266-4470-AF52-7407D783F312}.Release|x86.Build.0 = Release|Win32
		{BBF629D3-C266-4470-AF52-7407D783F312}.RelWithDebInfo|x64.ActiveCfg = Release|x64
		{BBF629D3-C266-4470-AF52-7407D783F312}.RelWithDebInfo|x64.Build.0 = Release|x64
		{BBF629D3-C266-4470-AF52-7407D783F312}.RelWithDebInfo|x86.ActiveCfg = Release|Win32
		{BBF629D3-C266-4470-AF52-7407D783F312}.RelWithDebInfo|x86.Build.0 = Release|Win32
		{7178BB85-C717-49AA-8CDD-DD307EE4EF58}.Debug|x64.ActiveCfg = Debug|x64
		{7178BB85-C717-49AA-8CDD-DD307EE4EF58}.Debug|x64.Build.0 = Debug|x64
		{7178BB85-C717-49AA-8CDD-DD307EE4EF58}.Debug|x86.ActiveCfg = Debug|Win32
		{7178BB85-C717-49AA-8CDD-DD307EE4EF58}.Debug|x86.Build.0 = Debug|Win32
		{7178BB85-C717-49AA-8CDD-DD307EE4EF58}.MinSizeRel|x64.ActiveCfg = Debug|x64
		{7178BB85-C717-49AA-8CDD-DD307EE4EF58}.MinSizeRel|x64.Build.0 = Debug|x64
		{7178BB85-C717-49AA-8CDD-DD307EE4EF58}.MinSizeRel|x86.ActiveCfg = Debug|Win32
		{7178BB85-C717-49AA-8CDD-DD307EE4EF58}.MinSizeRel|x86.Build.0 = Debug|Win32
		{7178BB85-C717-49AA-8CDD-DD307EE4EF58}.Release|x64.ActiveCfg = Release|x64
		{7178BB85-C717-49AA-8CDD-DD307EE4EF58}.Release|x64.Build.0 = Release|x64
		{7178BB85-C717-49AA-8CDD-DD307EE4EF58}.Release|x86.ActiveCfg = Release|Win32
		{7178BB85-C717-49AA-8CDD-DD307EE4EF58}.Release|x86.Build.0 = Release|Win32
		{7178BB85-C717-49AA-8CDD-DD307EE4EF58}.RelWithDebInfo|x64.ActiveCfg = Release|x64
		{7178BB85-C717-49AA-8CDD-DD307EE4EF58}.RelWithDebInfo|x64.Build.0 = Release|x64
		{7178BB85-C717-49AA-8CDD-DD307EE4EF58}.RelWithDebInfo|x86.ActiveCfg = Release|Win32
		{7178BB85-C717-49AA-8CDD-DD307EE4EF58}.RelWithDebInfo|x86.Build.0 = Release|Win32
		{CB1E94BB-3E36-4130-821F-610176DD1D10}.Debug|x64.ActiveCfg = Debug|x64
		{CB1E94BB-3E36-4130-821F-610176DD1D10}.Debug|x64.Build.0 = Debug|x64
		{CB1E94BB-3E36-4130-821F-610176DD1D10}.Debug|x86.ActiveCfg = Debug|Win32
		{CB1E94BB-3E36-4130-821F-610176DD1D10}.Debug|x86.Build.0 = Debug|Win32
		{CB1E94BB-3E36-4130-821F-610176DD1D10}.MinSizeRel|x64.ActiveCfg = Debug|x64
		{CB1E94BB-3E36-4130-821F-610176DD1D10}.MinSizeRel|x64.Build.0 = Debug|x64
		{CB1E94BB-3E36-4130-821F-610176DD1D10}.MinSizeRel|x86.ActiveCfg = Debug|Win32
		{CB1E94BB-3E36-4130-821F-610176DD1D10}.MinSizeRel|x86.Build.0 = Debug|Win32
		{CB1E94BB-3E36-4130-821F-610176DD1D10}.Release|x64.ActiveCfg = Release|x64
		{CB1E94BB-3E36-4130-821F-610176DD1D10}.Release|x64.Build.0 = Release|x64
		{CB1E94BB-3E36-4130-821F-610176DD1D10}.Release|x86.ActiveCfg = Release|Win32
		{CB1E94BB-3E36-4130-821F-610176DD1D10}.Release|x86.Build.0 = Release|Win32
		{CB1E94BB-3E36-4130-821F-610176DD1D10}.RelWithDebInfo|x64.ActiveCfg = Release|x64
		{CB1E94BB-3E36-4130-821F-610176DD1D10}.RelWithDebInfo|x64.Build.0 = Release|x64
		{CB1E94BB-3E36-4130-821F-610176DD1D10}.RelWithDebInfo|x86.ActiveCfg = Release|Win32
		{CB1E94BB-3E36-4130-821F-610176DD1D10}.RelWithDebInfo|x86.Build.0 = Release|Win32
	EndGlobalSection
	GlobalSection(SolutionProperties) = preSolution
		HideSolutionNode = FALSE
	EndGlobalSection
	GlobalSection(ExtensibilityGlobals) = postSolution
		SolutionGuid = {DC1AC964-BCC1-3C41-B2F9-9191D348C470}
	EndGlobalSection
EndGlobal
