<?xml version="1.0" encoding="utf-8"?>
<Project ToolsVersion="16.0" xmlns="http://schemas.microsoft.com/developer/msbuild/2003">
  <ItemGroup>
    <ClCompile Include="..\..\..\src\Entity\ECS\Archetype.cpp">
      <Filter>Source Files\ECS</Filter>
    </ClCompile>
    <ClCompile Include="..\..\..\src\Entity\ECS\Chunk.cpp">
      <Filter>Source Files\ECS</Filter>
    </ClCompile>
    <ClCompile Include="..\..\..\src\Entity\ECS\ComAccessPtr.cpp">
      <Filter>Source Files\ECS</Filter>
    </ClCompile>
    <ClCompile Include="..\..\..\src\Entity\ECS\ComTypeId.cpp">
      <Filter>Source Files\ECS</Filter>
    </ClCompile>
    <ClCompile Include="..\..\..\src\Entity\ECS\ecs.cpp">
      <Filter>Source Files\ECS</Filter>
    </ClCompile>
    <ClCompile Include="..\..\..\src\Entity\ECS\ECSGlobal.cpp">
      <Filter>Source Files\ECS</Filter>
    </ClCompile>
    <ClCompile Include="..\..\..\src\Entity\ECS\ECSMgr.cpp">
      <Filter>Source Files\ECS</Filter>
    </ClCompile>
    <ClCompile Include="..\..\..\src\Entity\ECS\ESCMemoryPool.cpp">
      <Filter>Source Files\ECS</Filter>
    </ClCompile>
    <ClCompile Include="..\..\..\src\Entity\ECS\ISystem.cpp">
      <Filter>Source Files\ECS</Filter>
    </ClCompile>
    <ClCompile Include="..\..\..\src\Entity\ECS\SystemMgr.cpp">
      <Filter>Source Files\ECS</Filter>
    </ClCompile>
    <ClCompile Include="..\..\..\src\Entity\AIController.cpp">
      <Filter>Source Files</Filter>
    </ClCompile>
    <ClCompile Include="..\..\..\src\Entity\Character.cpp">
      <Filter>Source Files</Filter>
    </ClCompile>
    <ClCompile Include="..\..\..\src\Entity\Controller.cpp">
      <Filter>Source Files</Filter>
    </ClCompile>
    <ClCompile Include="..\..\..\src\Entity\DirectLight.cpp">
      <Filter>Source Files</Filter>
    </ClCompile>
    <ClCompile Include="..\..\..\src\Entity\GameObject.cpp">
      <Filter>Source Files</Filter>
    </ClCompile>
    <ClCompile Include="..\..\..\src\Entity\GameObjectContainer.cpp">
      <Filter>Source Files</Filter>
    </ClCompile>
    <ClCompile Include="..\..\..\src\Entity\GltfLoader2.cpp">
      <Filter>Source Files</Filter>
    </ClCompile>
    <ClCompile Include="..\..\..\src\Entity\Level.cpp">
      <Filter>Source Files</Filter>
    </ClCompile>
    <ClCompile Include="..\..\..\src\Entity\Light.cpp">
      <Filter>Source Files</Filter>
    </ClCompile>
    <ClCompile Include="..\..\..\src\Entity\LightObject.cpp">
      <Filter>Source Files</Filter>
    </ClCompile>
    <ClCompile Include="..\..\..\src\Entity\Missile.cpp">
      <Filter>Source Files</Filter>
    </ClCompile>
    <ClCompile Include="..\..\..\src\Entity\Obj.cpp">
      <Filter>Source Files</Filter>
    </ClCompile>
    <ClCompile Include="..\..\..\src\Entity\ObjLoader.cpp">
      <Filter>Source Files</Filter>
    </ClCompile>
    <ClCompile Include="..\..\..\src\Entity\ObjLoader2.cpp">
      <Filter>Source Files</Filter>
    </ClCompile>
    <ClCompile Include="..\..\..\src\Entity\Pawn.cpp">
      <Filter>Source Files</Filter>
    </ClCompile>
    <ClCompile Include="..\..\..\src\Entity\PlayerController.cpp">
      <Filter>Source Files</Filter>
    </ClCompile>
    <ClCompile Include="..\..\..\src\Entity\PlyLoader.cpp">
      <Filter>Source Files</Filter>
    </ClCompile>
    <ClCompile Include="..\..\..\src\Entity\PointLight.cpp">
      <Filter>Source Files</Filter>
    </ClCompile>
    <ClCompile Include="..\..\..\src\Entity\tiny_obj_loader.cc">
      <Filter>Source Files</Filter>
    </ClCompile>
    <ClCompile Include="..\..\..\src\Entity\tinyply.cpp">
      <Filter>Source Files</Filter>
    </ClCompile>
    <ClCompile Include="..\..\..\src\Entity\World.cpp">
      <Filter>Source Files</Filter>
    </ClCompile>
  </ItemGroup>
  <ItemGroup>
    <Filter Include="Source Files">
      <UniqueIdentifier>{7630E6AA-30AF-3A8B-9690-3B35C64AB87E}</UniqueIdentifier>
    </Filter>
    <Filter Include="Source Files\ECS">
      <UniqueIdentifier>{25866e91-6fdf-4b73-8f75-c54176688203}</UniqueIdentifier>
    </Filter>
  </ItemGroup>
  <ItemGroup>
    <ClInclude Include="..\..\..\src\Entity\ECS\Archetype.h">
      <Filter>Source Files\ECS</Filter>
    </ClInclude>
    <ClInclude Include="..\..\..\src\Entity\ECS\ArchetypeIter.h">
      <Filter>Source Files\ECS</Filter>
    </ClInclude>
    <ClInclude Include="..\..\..\src\Entity\ECS\Chunk.h">
      <Filter>Source Files\ECS</Filter>
    </ClInclude>
    <ClInclude Include="..\..\..\src\Entity\ECS\ComAccessPtr.h">
      <Filter>Source Files\ECS</Filter>
    </ClInclude>
    <ClInclude Include="..\..\..\src\Entity\ECS\ComTypeId.h">
      <Filter>Source Files\ECS</Filter>
    </ClInclude>
    <ClInclude Include="..\..\..\src\Entity\ECS\ecs.h">
      <Filter>Source Files\ECS</Filter>
    </ClInclude>
    <ClInclude Include="..\..\..\src\Entity\ECS\ECSGlobal.h">
      <Filter>Source Files\ECS</Filter>
    </ClInclude>
    <ClInclude Include="..\..\..\src\Entity\ECS\ECSMemoryPool.h">
      <Filter>Source Files\ECS</Filter>
    </ClInclude>
    <ClInclude Include="..\..\..\src\Entity\ECS\ECSMgr.h">
      <Filter>Source Files\ECS</Filter>
    </ClInclude>
    <ClInclude Include="..\..\..\src\Entity\ECS\Entity.h">
      <Filter>Source Files\ECS</Filter>
    </ClInclude>
    <ClInclude Include="..\..\..\src\Entity\ECS\ISystem.h">
      <Filter>Source Files\ECS</Filter>
    </ClInclude>
    <ClInclude Include="..\..\..\src\Entity\ECS\SystemMgr.h">
      <Filter>Source Files\ECS</Filter>
    </ClInclude>
    <ClInclude Include="..\..\..\src\Entity\ECS\TaskPackage.h">
      <Filter>Source Files\ECS</Filter>
    </ClInclude>
  </ItemGroup>
  <ItemGroup>
    <None Include="..\..\..\src\Entity\ECS\Archetype.inl">
      <Filter>Source Files\ECS</Filter>
    </None>
    <None Include="..\..\..\src\Entity\ECS\ComAcessPtr.inl">
      <Filter>Source Files\ECS</Filter>
    </None>
    <None Include="..\..\..\src\Entity\ECS\ECSMgr.inl">
      <Filter>Source Files\ECS</Filter>
    </None>
    <None Include="..\..\..\src\Entity\ECS\Entity.inl">
      <Filter>Source Files\ECS</Filter>
    </None>
    <None Include="..\..\..\src\Entity\ECS\ISystem.inl">
      <Filter>Source Files\ECS</Filter>
    </None>
    <None Include="..\..\..\src\Entity\ECS\SystemMgr.inl">
      <Filter>Source Files\ECS</Filter>
    </None>
  </ItemGroup>
  <ItemGroup>
    <Text Include="..\..\..\src\Entity\CMakeLists.txt" />
  </ItemGroup>
</Project>